// !$*UTF8*$!
{
	archiveVersion = 1;
	classes = {
	};
	objectVersion = 48;
	objects = {

/* Begin PBXBuildFile section */
		4E08C242219369E4004594E5 /* SecondaryButton.swift in Sources */ = {isa = PBXBuildFile; fileRef = 4E08C241219369E4004594E5 /* SecondaryButton.swift */; };
		4E0D48EF2196245B001FCE13 /* ChatService.swift in Sources */ = {isa = PBXBuildFile; fileRef = 4E0D48EE2196245B001FCE13 /* ChatService.swift */; };
		4E2762232199FD3C004ECC99 /* ChatConnection..swift in Sources */ = {isa = PBXBuildFile; fileRef = 4E2762222199FD3C004ECC99 /* ChatConnection..swift */; };
		4E276225219A036C004ECC99 /* Colors.swift in Sources */ = {isa = PBXBuildFile; fileRef = 4E276224219A036C004ECC99 /* Colors.swift */; };
		4E4B115B218CF26E00867B3F /* PrimaryText.swift in Sources */ = {isa = PBXBuildFile; fileRef = 4E4B115A218CF26E00867B3F /* PrimaryText.swift */; };
		4E5A7C18219A637000B0FD03 /* Extensions.swift in Sources */ = {isa = PBXBuildFile; fileRef = 4E5A7C17219A637000B0FD03 /* Extensions.swift */; };
		4E5A7C1A219A67A800B0FD03 /* RateController.swift in Sources */ = {isa = PBXBuildFile; fileRef = 4E5A7C19219A67A800B0FD03 /* RateController.swift */; };
		4E708B7221938409003283BD /* CommonCell.swift in Sources */ = {isa = PBXBuildFile; fileRef = 4E708B7121938409003283BD /* CommonCell.swift */; };
		4E708B7421938422003283BD /* CommonResourcesController.swift in Sources */ = {isa = PBXBuildFile; fileRef = 4E708B7321938422003283BD /* CommonResourcesController.swift */; };
		4E708B7621938A4B003283BD /* Resource.swift in Sources */ = {isa = PBXBuildFile; fileRef = 4E708B7521938A4B003283BD /* Resource.swift */; };
		4E708B7921938BA4003283BD /* Community.swift in Sources */ = {isa = PBXBuildFile; fileRef = 4E708B7821938BA4003283BD /* Community.swift */; };
		4E708B7B21938C35003283BD /* Topic.swift in Sources */ = {isa = PBXBuildFile; fileRef = 4E708B7A21938C35003283BD /* Topic.swift */; };
		4E708B7D2193A500003283BD /* ChatCell.swift in Sources */ = {isa = PBXBuildFile; fileRef = 4E708B7C2193A500003283BD /* ChatCell.swift */; };
		4E708B7F2193AE1A003283BD /* Message.swift in Sources */ = {isa = PBXBuildFile; fileRef = 4E708B7E2193AE19003283BD /* Message.swift */; };
		4E85832421975C7500D14F52 /* HomeController.swift in Sources */ = {isa = PBXBuildFile; fileRef = 4E85832321975C7500D14F52 /* HomeController.swift */; };
		4E858326219766A600D14F52 /* HomeCell.swift in Sources */ = {isa = PBXBuildFile; fileRef = 4E858325219766A600D14F52 /* HomeCell.swift */; };
		4EB63D96218CEFB7003E6033 /* PrimaryButton.swift in Sources */ = {isa = PBXBuildFile; fileRef = 4EB63D95218CEFB7003E6033 /* PrimaryButton.swift */; };
		4EB822C0219109B00035C262 /* SignalRError.swift in Sources */ = {isa = PBXBuildFile; fileRef = 4EB822A5219109A90035C262 /* SignalRError.swift */; };
		4EB822C1219109B00035C262 /* Connection.swift in Sources */ = {isa = PBXBuildFile; fileRef = 4EB822A6219109A90035C262 /* Connection.swift */; };
		4EB822C2219109B00035C262 /* HubConnectionDelegate.swift in Sources */ = {isa = PBXBuildFile; fileRef = 4EB822A7219109AA0035C262 /* HubConnectionDelegate.swift */; };
		4EB822C3219109B00035C262 /* HttpConnection.swift in Sources */ = {isa = PBXBuildFile; fileRef = 4EB822A8219109AB0035C262 /* HttpConnection.swift */; };
		4EB822C4219109B00035C262 /* Util.swift in Sources */ = {isa = PBXBuildFile; fileRef = 4EB822A9219109AB0035C262 /* Util.swift */; };
		4EB822C5219109B00035C262 /* HttpClientProtocol.swift in Sources */ = {isa = PBXBuildFile; fileRef = 4EB822AA219109AB0035C262 /* HttpClientProtocol.swift */; };
		4EB822C6219109B00035C262 /* ServerInvocationHandler.swift in Sources */ = {isa = PBXBuildFile; fileRef = 4EB822AB219109AC0035C262 /* ServerInvocationHandler.swift */; };
		4EB822C7219109B00035C262 /* Transport.swift in Sources */ = {isa = PBXBuildFile; fileRef = 4EB822AC219109AC0035C262 /* Transport.swift */; };
		4EB822C8219109B00035C262 /* HandshakeProtocol.swift in Sources */ = {isa = PBXBuildFile; fileRef = 4EB822AD219109AC0035C262 /* HandshakeProtocol.swift */; };
		4EB822C9219109B00035C262 /* TypeConverter.swift in Sources */ = {isa = PBXBuildFile; fileRef = 4EB822AE219109AC0035C262 /* TypeConverter.swift */; };
		4EB822CA219109B00035C262 /* DefaultHttpClient.swift in Sources */ = {isa = PBXBuildFile; fileRef = 4EB822AF219109AC0035C262 /* DefaultHttpClient.swift */; };
		4EB822CB219109B00035C262 /* WebsocketsTransport.swift in Sources */ = {isa = PBXBuildFile; fileRef = 4EB822B0219109AD0035C262 /* WebsocketsTransport.swift */; };
		4EB822CC219109B00035C262 /* HubProtocol.swift in Sources */ = {isa = PBXBuildFile; fileRef = 4EB822B1219109AD0035C262 /* HubProtocol.swift */; };
		4EB822CD219109B00035C262 /* ConnectionDelegate.swift in Sources */ = {isa = PBXBuildFile; fileRef = 4EB822B2219109AD0035C262 /* ConnectionDelegate.swift */; };
		4EB822CE219109B00035C262 /* StreamHandle.swift in Sources */ = {isa = PBXBuildFile; fileRef = 4EB822B3219109AD0035C262 /* StreamHandle.swift */; };
		4EB822CF219109B00035C262 /* NegotiationResponse.swift in Sources */ = {isa = PBXBuildFile; fileRef = 4EB822B4219109AD0035C262 /* NegotiationResponse.swift */; };
		4EB822D0219109B00035C262 /* HubConnectionBuilder.swift in Sources */ = {isa = PBXBuildFile; fileRef = 4EB822B5219109AE0035C262 /* HubConnectionBuilder.swift */; };
		4EB822D1219109B00035C262 /* TransportType.swift in Sources */ = {isa = PBXBuildFile; fileRef = 4EB822B6219109AE0035C262 /* TransportType.swift */; };
		4EB822D2219109B00035C262 /* HttpConnectionOptions.swift in Sources */ = {isa = PBXBuildFile; fileRef = 4EB822B7219109AE0035C262 /* HttpConnectionOptions.swift */; };
		4EB822D3219109B00035C262 /* WebSocket.swift in Sources */ = {isa = PBXBuildFile; fileRef = 4EB822B8219109AE0035C262 /* WebSocket.swift */; };
		4EB822D4219109B00035C262 /* HubConnection.swift in Sources */ = {isa = PBXBuildFile; fileRef = 4EB822B9219109AF0035C262 /* HubConnection.swift */; };
		4EB822D5219109B00035C262 /* Logger.swift in Sources */ = {isa = PBXBuildFile; fileRef = 4EB822BA219109AF0035C262 /* Logger.swift */; };
		4EB822D6219109B00035C262 /* DefaultTransportFactory.swift in Sources */ = {isa = PBXBuildFile; fileRef = 4EB822BB219109AF0035C262 /* DefaultTransportFactory.swift */; };
		4EB822D7219109B00035C262 /* JSONHubProtocol.swift in Sources */ = {isa = PBXBuildFile; fileRef = 4EB822BC219109AF0035C262 /* JSONHubProtocol.swift */; };
		4EB822D8219109B00035C262 /* TransferFormat.swift in Sources */ = {isa = PBXBuildFile; fileRef = 4EB822BD219109AF0035C262 /* TransferFormat.swift */; };
		4EB822D9219109B00035C262 /* TransportDelegate.swift in Sources */ = {isa = PBXBuildFile; fileRef = 4EB822BE219109B00035C262 /* TransportDelegate.swift */; };
		4EB822DA219109B00035C262 /* HttpResponse.swift in Sources */ = {isa = PBXBuildFile; fileRef = 4EB822BF219109B00035C262 /* HttpResponse.swift */; };
		4EB822DF21910BAA0035C262 /* DataFetcher.swift in Sources */ = {isa = PBXBuildFile; fileRef = 4EB822DE21910BAA0035C262 /* DataFetcher.swift */; };
		4EB822E221910BDF0035C262 /* APIConstants.swift in Sources */ = {isa = PBXBuildFile; fileRef = 4EB822E121910BDF0035C262 /* APIConstants.swift */; };
		4EBE059321952173009A9DA2 /* ChatText.swift in Sources */ = {isa = PBXBuildFile; fileRef = 4EBE059221952173009A9DA2 /* ChatText.swift */; };
		4ECD5F4C218B940600F7F75D /* TemplateCollectionViewController.swift in Sources */ = {isa = PBXBuildFile; fileRef = 4ECD5F4B218B940600F7F75D /* TemplateCollectionViewController.swift */; };
		4ECD5F4E218B9EE000F7F75D /* ChatController.swift in Sources */ = {isa = PBXBuildFile; fileRef = 4ECD5F4D218B9EE000F7F75D /* ChatController.swift */; };
		4ECD5F50218B9F3A00F7F75D /* TalkToMentorController.swift in Sources */ = {isa = PBXBuildFile; fileRef = 4ECD5F4F218B9F3A00F7F75D /* TalkToMentorController.swift */; };
		4ECD5F52218B9F6400F7F75D /* CallController.swift in Sources */ = {isa = PBXBuildFile; fileRef = 4ECD5F51218B9F6400F7F75D /* CallController.swift */; };
		4EDEC9DE218B898F00C2D2F2 /* AppDelegate.swift in Sources */ = {isa = PBXBuildFile; fileRef = 4EDEC9DD218B898F00C2D2F2 /* AppDelegate.swift */; };
		4EDEC9E3218B898F00C2D2F2 /* Main.storyboard in Resources */ = {isa = PBXBuildFile; fileRef = 4EDEC9E1218B898F00C2D2F2 /* Main.storyboard */; };
		4EDEC9E6218B898F00C2D2F2 /* HopeLine_iOS.xcdatamodeld in Sources */ = {isa = PBXBuildFile; fileRef = 4EDEC9E4218B898F00C2D2F2 /* HopeLine_iOS.xcdatamodeld */; };
		4EDEC9E8218B898F00C2D2F2 /* Assets.xcassets in Resources */ = {isa = PBXBuildFile; fileRef = 4EDEC9E7218B898F00C2D2F2 /* Assets.xcassets */; };
		4EDEC9EB218B898F00C2D2F2 /* LaunchScreen.storyboard in Resources */ = {isa = PBXBuildFile; fileRef = 4EDEC9E9218B898F00C2D2F2 /* LaunchScreen.storyboard */; };
		4EDEC9F8218B8ABD00C2D2F2 /* MainController.swift in Sources */ = {isa = PBXBuildFile; fileRef = 4EDEC9F7218B8ABD00C2D2F2 /* MainController.swift */; };
		4EDEC9FE218B8F8000C2D2F2 /* MapController.swift in Sources */ = {isa = PBXBuildFile; fileRef = 4EDEC9FD218B8F8000C2D2F2 /* MapController.swift */; };
		4EF695D32194C33500B074A4 /* NameGeneratorService.swift in Sources */ = {isa = PBXBuildFile; fileRef = 4EF695D22194C33500B074A4 /* NameGeneratorService.swift */; };
/* End PBXBuildFile section */

/* Begin PBXFileReference section */
		4E08C241219369E4004594E5 /* SecondaryButton.swift */ = {isa = PBXFileReference; lastKnownFileType = sourcecode.swift; path = SecondaryButton.swift; sourceTree = "<group>"; };
		4E0D48EE2196245B001FCE13 /* ChatService.swift */ = {isa = PBXFileReference; lastKnownFileType = sourcecode.swift; path = ChatService.swift; sourceTree = "<group>"; };
		4E2762222199FD3C004ECC99 /* ChatConnection..swift */ = {isa = PBXFileReference; lastKnownFileType = sourcecode.swift; path = ChatConnection..swift; sourceTree = "<group>"; };
		4E276224219A036C004ECC99 /* Colors.swift */ = {isa = PBXFileReference; lastKnownFileType = sourcecode.swift; path = Colors.swift; sourceTree = "<group>"; };
		4E4B115A218CF26E00867B3F /* PrimaryText.swift */ = {isa = PBXFileReference; lastKnownFileType = sourcecode.swift; path = PrimaryText.swift; sourceTree = "<group>"; };
		4E5A7C17219A637000B0FD03 /* Extensions.swift */ = {isa = PBXFileReference; lastKnownFileType = sourcecode.swift; path = Extensions.swift; sourceTree = "<group>"; };
		4E5A7C19219A67A800B0FD03 /* RateController.swift */ = {isa = PBXFileReference; lastKnownFileType = sourcecode.swift; path = RateController.swift; sourceTree = "<group>"; };
		4E708B7121938409003283BD /* CommonCell.swift */ = {isa = PBXFileReference; lastKnownFileType = sourcecode.swift; path = CommonCell.swift; sourceTree = "<group>"; };
		4E708B7321938422003283BD /* CommonResourcesController.swift */ = {isa = PBXFileReference; lastKnownFileType = sourcecode.swift; path = CommonResourcesController.swift; sourceTree = "<group>"; };
		4E708B7521938A4B003283BD /* Resource.swift */ = {isa = PBXFileReference; lastKnownFileType = sourcecode.swift; path = Resource.swift; sourceTree = "<group>"; };
		4E708B7821938BA4003283BD /* Community.swift */ = {isa = PBXFileReference; lastKnownFileType = sourcecode.swift; path = Community.swift; sourceTree = "<group>"; };
		4E708B7A21938C35003283BD /* Topic.swift */ = {isa = PBXFileReference; lastKnownFileType = sourcecode.swift; path = Topic.swift; sourceTree = "<group>"; };
		4E708B7C2193A500003283BD /* ChatCell.swift */ = {isa = PBXFileReference; lastKnownFileType = sourcecode.swift; path = ChatCell.swift; sourceTree = "<group>"; };
		4E708B7E2193AE19003283BD /* Message.swift */ = {isa = PBXFileReference; lastKnownFileType = sourcecode.swift; path = Message.swift; sourceTree = "<group>"; };
		4E85832321975C7500D14F52 /* HomeController.swift */ = {isa = PBXFileReference; lastKnownFileType = sourcecode.swift; path = HomeController.swift; sourceTree = "<group>"; };
		4E858325219766A600D14F52 /* HomeCell.swift */ = {isa = PBXFileReference; lastKnownFileType = sourcecode.swift; path = HomeCell.swift; sourceTree = "<group>"; };
		4EB63D95218CEFB7003E6033 /* PrimaryButton.swift */ = {isa = PBXFileReference; lastKnownFileType = sourcecode.swift; path = PrimaryButton.swift; sourceTree = "<group>"; };
		4EB822A5219109A90035C262 /* SignalRError.swift */ = {isa = PBXFileReference; lastKnownFileType = sourcecode.swift; path = SignalRError.swift; sourceTree = "<group>"; };
		4EB822A6219109A90035C262 /* Connection.swift */ = {isa = PBXFileReference; lastKnownFileType = sourcecode.swift; path = Connection.swift; sourceTree = "<group>"; };
		4EB822A7219109AA0035C262 /* HubConnectionDelegate.swift */ = {isa = PBXFileReference; lastKnownFileType = sourcecode.swift; path = HubConnectionDelegate.swift; sourceTree = "<group>"; };
		4EB822A8219109AB0035C262 /* HttpConnection.swift */ = {isa = PBXFileReference; lastKnownFileType = sourcecode.swift; path = HttpConnection.swift; sourceTree = "<group>"; };
		4EB822A9219109AB0035C262 /* Util.swift */ = {isa = PBXFileReference; lastKnownFileType = sourcecode.swift; path = Util.swift; sourceTree = "<group>"; };
		4EB822AA219109AB0035C262 /* HttpClientProtocol.swift */ = {isa = PBXFileReference; lastKnownFileType = sourcecode.swift; path = HttpClientProtocol.swift; sourceTree = "<group>"; };
		4EB822AB219109AC0035C262 /* ServerInvocationHandler.swift */ = {isa = PBXFileReference; lastKnownFileType = sourcecode.swift; path = ServerInvocationHandler.swift; sourceTree = "<group>"; };
		4EB822AC219109AC0035C262 /* Transport.swift */ = {isa = PBXFileReference; lastKnownFileType = sourcecode.swift; path = Transport.swift; sourceTree = "<group>"; };
		4EB822AD219109AC0035C262 /* HandshakeProtocol.swift */ = {isa = PBXFileReference; lastKnownFileType = sourcecode.swift; path = HandshakeProtocol.swift; sourceTree = "<group>"; };
		4EB822AE219109AC0035C262 /* TypeConverter.swift */ = {isa = PBXFileReference; lastKnownFileType = sourcecode.swift; path = TypeConverter.swift; sourceTree = "<group>"; };
		4EB822AF219109AC0035C262 /* DefaultHttpClient.swift */ = {isa = PBXFileReference; lastKnownFileType = sourcecode.swift; path = DefaultHttpClient.swift; sourceTree = "<group>"; };
		4EB822B0219109AD0035C262 /* WebsocketsTransport.swift */ = {isa = PBXFileReference; lastKnownFileType = sourcecode.swift; path = WebsocketsTransport.swift; sourceTree = "<group>"; };
		4EB822B1219109AD0035C262 /* HubProtocol.swift */ = {isa = PBXFileReference; lastKnownFileType = sourcecode.swift; path = HubProtocol.swift; sourceTree = "<group>"; };
		4EB822B2219109AD0035C262 /* ConnectionDelegate.swift */ = {isa = PBXFileReference; lastKnownFileType = sourcecode.swift; path = ConnectionDelegate.swift; sourceTree = "<group>"; };
		4EB822B3219109AD0035C262 /* StreamHandle.swift */ = {isa = PBXFileReference; lastKnownFileType = sourcecode.swift; path = StreamHandle.swift; sourceTree = "<group>"; };
		4EB822B4219109AD0035C262 /* NegotiationResponse.swift */ = {isa = PBXFileReference; lastKnownFileType = sourcecode.swift; path = NegotiationResponse.swift; sourceTree = "<group>"; };
		4EB822B5219109AE0035C262 /* HubConnectionBuilder.swift */ = {isa = PBXFileReference; lastKnownFileType = sourcecode.swift; path = HubConnectionBuilder.swift; sourceTree = "<group>"; };
		4EB822B6219109AE0035C262 /* TransportType.swift */ = {isa = PBXFileReference; lastKnownFileType = sourcecode.swift; path = TransportType.swift; sourceTree = "<group>"; };
		4EB822B7219109AE0035C262 /* HttpConnectionOptions.swift */ = {isa = PBXFileReference; lastKnownFileType = sourcecode.swift; path = HttpConnectionOptions.swift; sourceTree = "<group>"; };
		4EB822B8219109AE0035C262 /* WebSocket.swift */ = {isa = PBXFileReference; lastKnownFileType = sourcecode.swift; path = WebSocket.swift; sourceTree = "<group>"; };
		4EB822B9219109AF0035C262 /* HubConnection.swift */ = {isa = PBXFileReference; lastKnownFileType = sourcecode.swift; path = HubConnection.swift; sourceTree = "<group>"; };
		4EB822BA219109AF0035C262 /* Logger.swift */ = {isa = PBXFileReference; lastKnownFileType = sourcecode.swift; path = Logger.swift; sourceTree = "<group>"; };
		4EB822BB219109AF0035C262 /* DefaultTransportFactory.swift */ = {isa = PBXFileReference; lastKnownFileType = sourcecode.swift; path = DefaultTransportFactory.swift; sourceTree = "<group>"; };
		4EB822BC219109AF0035C262 /* JSONHubProtocol.swift */ = {isa = PBXFileReference; lastKnownFileType = sourcecode.swift; path = JSONHubProtocol.swift; sourceTree = "<group>"; };
		4EB822BD219109AF0035C262 /* TransferFormat.swift */ = {isa = PBXFileReference; lastKnownFileType = sourcecode.swift; path = TransferFormat.swift; sourceTree = "<group>"; };
		4EB822BE219109B00035C262 /* TransportDelegate.swift */ = {isa = PBXFileReference; lastKnownFileType = sourcecode.swift; path = TransportDelegate.swift; sourceTree = "<group>"; };
		4EB822BF219109B00035C262 /* HttpResponse.swift */ = {isa = PBXFileReference; lastKnownFileType = sourcecode.swift; path = HttpResponse.swift; sourceTree = "<group>"; };
		4EB822DE21910BAA0035C262 /* DataFetcher.swift */ = {isa = PBXFileReference; lastKnownFileType = sourcecode.swift; path = DataFetcher.swift; sourceTree = "<group>"; };
		4EB822E121910BDF0035C262 /* APIConstants.swift */ = {isa = PBXFileReference; lastKnownFileType = sourcecode.swift; path = APIConstants.swift; sourceTree = "<group>"; };
		4EBE059221952173009A9DA2 /* ChatText.swift */ = {isa = PBXFileReference; lastKnownFileType = sourcecode.swift; path = ChatText.swift; sourceTree = "<group>"; };
		4ECD5F4B218B940600F7F75D /* TemplateCollectionViewController.swift */ = {isa = PBXFileReference; lastKnownFileType = sourcecode.swift; path = TemplateCollectionViewController.swift; sourceTree = "<group>"; };
		4ECD5F4D218B9EE000F7F75D /* ChatController.swift */ = {isa = PBXFileReference; lastKnownFileType = sourcecode.swift; path = ChatController.swift; sourceTree = "<group>"; };
		4ECD5F4F218B9F3A00F7F75D /* TalkToMentorController.swift */ = {isa = PBXFileReference; lastKnownFileType = sourcecode.swift; path = TalkToMentorController.swift; sourceTree = "<group>"; };
		4ECD5F51218B9F6400F7F75D /* CallController.swift */ = {isa = PBXFileReference; lastKnownFileType = sourcecode.swift; path = CallController.swift; sourceTree = "<group>"; };
		4EDEC9DA218B898F00C2D2F2 /* HopeLine.iOS.app */ = {isa = PBXFileReference; explicitFileType = wrapper.application; includeInIndex = 0; path = HopeLine.iOS.app; sourceTree = BUILT_PRODUCTS_DIR; };
		4EDEC9DD218B898F00C2D2F2 /* AppDelegate.swift */ = {isa = PBXFileReference; lastKnownFileType = sourcecode.swift; path = AppDelegate.swift; sourceTree = "<group>"; };
		4EDEC9E2218B898F00C2D2F2 /* Base */ = {isa = PBXFileReference; lastKnownFileType = file.storyboard; name = Base; path = Base.lproj/Main.storyboard; sourceTree = "<group>"; };
		4EDEC9E5218B898F00C2D2F2 /* HopeLine_iOS.xcdatamodel */ = {isa = PBXFileReference; lastKnownFileType = wrapper.xcdatamodel; path = HopeLine_iOS.xcdatamodel; sourceTree = "<group>"; };
		4EDEC9E7218B898F00C2D2F2 /* Assets.xcassets */ = {isa = PBXFileReference; lastKnownFileType = folder.assetcatalog; path = Assets.xcassets; sourceTree = "<group>"; };
		4EDEC9EA218B898F00C2D2F2 /* Base */ = {isa = PBXFileReference; lastKnownFileType = file.storyboard; name = Base; path = Base.lproj/LaunchScreen.storyboard; sourceTree = "<group>"; };
		4EDEC9EC218B898F00C2D2F2 /* Info.plist */ = {isa = PBXFileReference; lastKnownFileType = text.plist.xml; path = Info.plist; sourceTree = "<group>"; };
		4EDEC9F7218B8ABD00C2D2F2 /* MainController.swift */ = {isa = PBXFileReference; lastKnownFileType = sourcecode.swift; path = MainController.swift; sourceTree = "<group>"; };
		4EDEC9FD218B8F8000C2D2F2 /* MapController.swift */ = {isa = PBXFileReference; lastKnownFileType = sourcecode.swift; path = MapController.swift; sourceTree = "<group>"; };
		4EF695D22194C33500B074A4 /* NameGeneratorService.swift */ = {isa = PBXFileReference; lastKnownFileType = sourcecode.swift; path = NameGeneratorService.swift; sourceTree = "<group>"; };
/* End PBXFileReference section */

/* Begin PBXFrameworksBuildPhase section */
		4EDEC9D7218B898F00C2D2F2 /* Frameworks */ = {
			isa = PBXFrameworksBuildPhase;
			buildActionMask = 2147483647;
			files = (
			);
			runOnlyForDeploymentPostprocessing = 0;
		};
/* End PBXFrameworksBuildPhase section */

/* Begin PBXGroup section */
		4E116F14218E364E0018C57D /* Frameworks */ = {
			isa = PBXGroup;
			children = (
			);
			name = Frameworks;
			sourceTree = "<group>";
		};
		4E5A7C16219A635800B0FD03 /* Extensions */ = {
			isa = PBXGroup;
			children = (
				4E5A7C17219A637000B0FD03 /* Extensions.swift */,
			);
			path = Extensions;
			sourceTree = "<group>";
		};
		4E708B7721938B93003283BD /* Models */ = {
			isa = PBXGroup;
			children = (
				4E708B7521938A4B003283BD /* Resource.swift */,
				4E708B7821938BA4003283BD /* Community.swift */,
				4E708B7A21938C35003283BD /* Topic.swift */,
				4E708B7E2193AE19003283BD /* Message.swift */,
				4E2762222199FD3C004ECC99 /* ChatConnection..swift */,
			);
			path = Models;
			sourceTree = "<group>";
		};
		4EB822DB21910A230035C262 /* SignalR */ = {
			isa = PBXGroup;
			children = (
				4EB822A6219109A90035C262 /* Connection.swift */,
				4EB822B2219109AD0035C262 /* ConnectionDelegate.swift */,
				4EB822AF219109AC0035C262 /* DefaultHttpClient.swift */,
				4EB822BB219109AF0035C262 /* DefaultTransportFactory.swift */,
				4EB822AD219109AC0035C262 /* HandshakeProtocol.swift */,
				4EB822AA219109AB0035C262 /* HttpClientProtocol.swift */,
				4EB822A8219109AB0035C262 /* HttpConnection.swift */,
				4EB822B7219109AE0035C262 /* HttpConnectionOptions.swift */,
				4EB822BF219109B00035C262 /* HttpResponse.swift */,
				4EB822B9219109AF0035C262 /* HubConnection.swift */,
				4EB822B5219109AE0035C262 /* HubConnectionBuilder.swift */,
				4EB822A7219109AA0035C262 /* HubConnectionDelegate.swift */,
				4EB822B1219109AD0035C262 /* HubProtocol.swift */,
				4EB822BC219109AF0035C262 /* JSONHubProtocol.swift */,
				4EB822BA219109AF0035C262 /* Logger.swift */,
				4EB822B4219109AD0035C262 /* NegotiationResponse.swift */,
				4EB822AB219109AC0035C262 /* ServerInvocationHandler.swift */,
				4EB822A5219109A90035C262 /* SignalRError.swift */,
				4EB822B3219109AD0035C262 /* StreamHandle.swift */,
				4EB822BD219109AF0035C262 /* TransferFormat.swift */,
				4EB822AC219109AC0035C262 /* Transport.swift */,
				4EB822BE219109B00035C262 /* TransportDelegate.swift */,
				4EB822B6219109AE0035C262 /* TransportType.swift */,
				4EB822AE219109AC0035C262 /* TypeConverter.swift */,
				4EB822A9219109AB0035C262 /* Util.swift */,
				4EB822B8219109AE0035C262 /* WebSocket.swift */,
				4EB822B0219109AD0035C262 /* WebsocketsTransport.swift */,
			);
			path = SignalR;
			sourceTree = "<group>";
		};
		4EB822DD21910B7D0035C262 /* DataFetch */ = {
			isa = PBXGroup;
			children = (
				4EB822DE21910BAA0035C262 /* DataFetcher.swift */,
			);
			path = DataFetch;
			sourceTree = "<group>";
		};
		4EB822E021910BCC0035C262 /* Constants */ = {
			isa = PBXGroup;
			children = (
				4EB822E121910BDF0035C262 /* APIConstants.swift */,
			);
			path = Constants;
			sourceTree = "<group>";
		};
		4EDEC9D1218B898F00C2D2F2 = {
			isa = PBXGroup;
			children = (
				4EDEC9DC218B898F00C2D2F2 /* HopeLine.iOS */,
				4EDEC9DB218B898F00C2D2F2 /* Products */,
				4E116F14218E364E0018C57D /* Frameworks */,
			);
			sourceTree = "<group>";
		};
		4EDEC9DB218B898F00C2D2F2 /* Products */ = {
			isa = PBXGroup;
			children = (
				4EDEC9DA218B898F00C2D2F2 /* HopeLine.iOS.app */,
			);
			name = Products;
			sourceTree = "<group>";
		};
		4EDEC9DC218B898F00C2D2F2 /* HopeLine.iOS */ = {
			isa = PBXGroup;
			children = (
				4E5A7C16219A635800B0FD03 /* Extensions */,
				4EF695D12194C30C00B074A4 /* Services */,
				4E708B7721938B93003283BD /* Models */,
				4EB822E021910BCC0035C262 /* Constants */,
				4EB822DD21910B7D0035C262 /* DataFetch */,
				4EB822DB21910A230035C262 /* SignalR */,
				4EDEC9E1218B898F00C2D2F2 /* Main.storyboard */,
				4EDEC9F6218B8A8500C2D2F2 /* Main */,
				4EDEC9F4218B8A7200C2D2F2 /* ViewModels */,
				4EDEC9F3218B8A5D00C2D2F2 /* Controllers */,
				4EDEC9E7218B898F00C2D2F2 /* Assets.xcassets */,
				4EDEC9E9218B898F00C2D2F2 /* LaunchScreen.storyboard */,
				4EDEC9EC218B898F00C2D2F2 /* Info.plist */,
				4EDEC9E4218B898F00C2D2F2 /* HopeLine_iOS.xcdatamodeld */,
			);
			path = HopeLine.iOS;
			sourceTree = "<group>";
		};
		4EDEC9F3218B8A5D00C2D2F2 /* Controllers */ = {
			isa = PBXGroup;
			children = (
				4EDEC9F7218B8ABD00C2D2F2 /* MainController.swift */,
				4EDEC9FD218B8F8000C2D2F2 /* MapController.swift */,
				4ECD5F4B218B940600F7F75D /* TemplateCollectionViewController.swift */,
				4ECD5F4D218B9EE000F7F75D /* ChatController.swift */,
				4ECD5F4F218B9F3A00F7F75D /* TalkToMentorController.swift */,
				4ECD5F51218B9F6400F7F75D /* CallController.swift */,
				4E708B7321938422003283BD /* CommonResourcesController.swift */,
				4E85832321975C7500D14F52 /* HomeController.swift */,
				4E5A7C19219A67A800B0FD03 /* RateController.swift */,
			);
			path = Controllers;
			sourceTree = "<group>";
		};
		4EDEC9F4218B8A7200C2D2F2 /* ViewModels */ = {
			isa = PBXGroup;
			children = (
				4EB63D95218CEFB7003E6033 /* PrimaryButton.swift */,
				4E4B115A218CF26E00867B3F /* PrimaryText.swift */,
				4E08C241219369E4004594E5 /* SecondaryButton.swift */,
				4E708B7121938409003283BD /* CommonCell.swift */,
				4E708B7C2193A500003283BD /* ChatCell.swift */,
				4EBE059221952173009A9DA2 /* ChatText.swift */,
				4E858325219766A600D14F52 /* HomeCell.swift */,
				4E276224219A036C004ECC99 /* Colors.swift */,
			);
			path = ViewModels;
			sourceTree = "<group>";
		};
		4EDEC9F6218B8A8500C2D2F2 /* Main */ = {
			isa = PBXGroup;
			children = (
				4EDEC9DD218B898F00C2D2F2 /* AppDelegate.swift */,
			);
			path = Main;
			sourceTree = "<group>";
		};
		4EF695D12194C30C00B074A4 /* Services */ = {
			isa = PBXGroup;
			children = (
				4EF695D22194C33500B074A4 /* NameGeneratorService.swift */,
				4E0D48EE2196245B001FCE13 /* ChatService.swift */,
			);
			path = Services;
			sourceTree = "<group>";
		};
/* End PBXGroup section */

/* Begin PBXNativeTarget section */
		4EDEC9D9218B898F00C2D2F2 /* HopeLine.iOS */ = {
			isa = PBXNativeTarget;
			buildConfigurationList = 4EDEC9EF218B898F00C2D2F2 /* Build configuration list for PBXNativeTarget "HopeLine.iOS" */;
			buildPhases = (
				4EDEC9D6218B898F00C2D2F2 /* Sources */,
				4EDEC9D7218B898F00C2D2F2 /* Frameworks */,
				4EDEC9D8218B898F00C2D2F2 /* Resources */,
			);
			buildRules = (
			);
			dependencies = (
			);
			name = HopeLine.iOS;
			productName = HopeLine.iOS;
			productReference = 4EDEC9DA218B898F00C2D2F2 /* HopeLine.iOS.app */;
			productType = "com.apple.product-type.application";
		};
/* End PBXNativeTarget section */

/* Begin PBXProject section */
		4EDEC9D2218B898F00C2D2F2 /* Project object */ = {
			isa = PBXProject;
			attributes = {
				LastSwiftUpdateCheck = 0900;
				LastUpgradeCheck = 0900;
				ORGANIZATIONNAME = prj;
				TargetAttributes = {
					4EDEC9D9218B898F00C2D2F2 = {
						CreatedOnToolsVersion = 9.0;
						ProvisioningStyle = Automatic;
					};
				};
			};
			buildConfigurationList = 4EDEC9D5218B898F00C2D2F2 /* Build configuration list for PBXProject "HopeLine.iOS" */;
			compatibilityVersion = "Xcode 8.0";
			developmentRegion = en;
			hasScannedForEncodings = 0;
			knownRegions = (
				en,
				Base,
			);
			mainGroup = 4EDEC9D1218B898F00C2D2F2;
			productRefGroup = 4EDEC9DB218B898F00C2D2F2 /* Products */;
			projectDirPath = "";
			projectRoot = "";
			targets = (
				4EDEC9D9218B898F00C2D2F2 /* HopeLine.iOS */,
			);
		};
/* End PBXProject section */

/* Begin PBXResourcesBuildPhase section */
		4EDEC9D8218B898F00C2D2F2 /* Resources */ = {
			isa = PBXResourcesBuildPhase;
			buildActionMask = 2147483647;
			files = (
				4EDEC9EB218B898F00C2D2F2 /* LaunchScreen.storyboard in Resources */,
				4EDEC9E8218B898F00C2D2F2 /* Assets.xcassets in Resources */,
				4EDEC9E3218B898F00C2D2F2 /* Main.storyboard in Resources */,
			);
			runOnlyForDeploymentPostprocessing = 0;
		};
/* End PBXResourcesBuildPhase section */

/* Begin PBXSourcesBuildPhase section */
		4EDEC9D6218B898F00C2D2F2 /* Sources */ = {
			isa = PBXSourcesBuildPhase;
			buildActionMask = 2147483647;
			files = (
				4E08C242219369E4004594E5 /* SecondaryButton.swift in Sources */,
				4E276225219A036C004ECC99 /* Colors.swift in Sources */,
				4EB822CC219109B00035C262 /* HubProtocol.swift in Sources */,
				4EB822C1219109B00035C262 /* Connection.swift in Sources */,
				4EBE059321952173009A9DA2 /* ChatText.swift in Sources */,
				4E2762232199FD3C004ECC99 /* ChatConnection..swift in Sources */,
				4E708B7F2193AE1A003283BD /* Message.swift in Sources */,
				4E708B7D2193A500003283BD /* ChatCell.swift in Sources */,
				4EDEC9E6218B898F00C2D2F2 /* HopeLine_iOS.xcdatamodeld in Sources */,
				4E708B7221938409003283BD /* CommonCell.swift in Sources */,
				4EB822CF219109B00035C262 /* NegotiationResponse.swift in Sources */,
				4EB822C0219109B00035C262 /* SignalRError.swift in Sources */,
				4EB822D0219109B00035C262 /* HubConnectionBuilder.swift in Sources */,
				4EB822C4219109B00035C262 /* Util.swift in Sources */,
				4EB822CD219109B00035C262 /* ConnectionDelegate.swift in Sources */,
				4E5A7C1A219A67A800B0FD03 /* RateController.swift in Sources */,
				4EB822D2219109B00035C262 /* HttpConnectionOptions.swift in Sources */,
				4EB822CA219109B00035C262 /* DefaultHttpClient.swift in Sources */,
				4E85832421975C7500D14F52 /* HomeController.swift in Sources */,
				4EB822CB219109B00035C262 /* WebsocketsTransport.swift in Sources */,
				4ECD5F4C218B940600F7F75D /* TemplateCollectionViewController.swift in Sources */,
				4E5A7C18219A637000B0FD03 /* Extensions.swift in Sources */,
				4E708B7921938BA4003283BD /* Community.swift in Sources */,
				4EB822D9219109B00035C262 /* TransportDelegate.swift in Sources */,
				4EB822C8219109B00035C262 /* HandshakeProtocol.swift in Sources */,
				4EB822DF21910BAA0035C262 /* DataFetcher.swift in Sources */,
				4EB822E221910BDF0035C262 /* APIConstants.swift in Sources */,
				4E708B7621938A4B003283BD /* Resource.swift in Sources */,
				4EB822C7219109B00035C262 /* Transport.swift in Sources */,
				4ECD5F52218B9F6400F7F75D /* CallController.swift in Sources */,
				4ECD5F4E218B9EE000F7F75D /* ChatController.swift in Sources */,
				4E4B115B218CF26E00867B3F /* PrimaryText.swift in Sources */,
				4EB822DA219109B00035C262 /* HttpResponse.swift in Sources */,
				4EB822D7219109B00035C262 /* JSONHubProtocol.swift in Sources */,
				4EB822D6219109B00035C262 /* DefaultTransportFactory.swift in Sources */,
				4EB822D8219109B00035C262 /* TransferFormat.swift in Sources */,
				4EB822D5219109B00035C262 /* Logger.swift in Sources */,
				4EB822D4219109B00035C262 /* HubConnection.swift in Sources */,
				4EB63D96218CEFB7003E6033 /* PrimaryButton.swift in Sources */,
				4EB822D1219109B00035C262 /* TransportType.swift in Sources */,
				4EB822C6219109B00035C262 /* ServerInvocationHandler.swift in Sources */,
				4E708B7B21938C35003283BD /* Topic.swift in Sources */,
				4EB822CE219109B00035C262 /* StreamHandle.swift in Sources */,
				4EDEC9F8218B8ABD00C2D2F2 /* MainController.swift in Sources */,
				4E0D48EF2196245B001FCE13 /* ChatService.swift in Sources */,
				4EB822D3219109B00035C262 /* WebSocket.swift in Sources */,
				4E858326219766A600D14F52 /* HomeCell.swift in Sources */,
				4EF695D32194C33500B074A4 /* NameGeneratorService.swift in Sources */,
				4E708B7421938422003283BD /* CommonResourcesController.swift in Sources */,
				4EB822C2219109B00035C262 /* HubConnectionDelegate.swift in Sources */,
				4EB822C9219109B00035C262 /* TypeConverter.swift in Sources */,
				4EDEC9DE218B898F00C2D2F2 /* AppDelegate.swift in Sources */,
				4EB822C5219109B00035C262 /* HttpClientProtocol.swift in Sources */,
				4ECD5F50218B9F3A00F7F75D /* TalkToMentorController.swift in Sources */,
				4EDEC9FE218B8F8000C2D2F2 /* MapController.swift in Sources */,
				4EB822C3219109B00035C262 /* HttpConnection.swift in Sources */,
			);
			runOnlyForDeploymentPostprocessing = 0;
		};
/* End PBXSourcesBuildPhase section */

/* Begin PBXVariantGroup section */
		4EDEC9E1218B898F00C2D2F2 /* Main.storyboard */ = {
			isa = PBXVariantGroup;
			children = (
				4EDEC9E2218B898F00C2D2F2 /* Base */,
			);
			name = Main.storyboard;
			sourceTree = "<group>";
		};
		4EDEC9E9218B898F00C2D2F2 /* LaunchScreen.storyboard */ = {
			isa = PBXVariantGroup;
			children = (
				4EDEC9EA218B898F00C2D2F2 /* Base */,
			);
			name = LaunchScreen.storyboard;
			sourceTree = "<group>";
		};
/* End PBXVariantGroup section */

/* Begin XCBuildConfiguration section */
		4EDEC9ED218B898F00C2D2F2 /* Debug */ = {
			isa = XCBuildConfiguration;
			buildSettings = {
				ALWAYS_SEARCH_USER_PATHS = NO;
				CLANG_ANALYZER_NONNULL = YES;
				CLANG_ANALYZER_NUMBER_OBJECT_CONVERSION = YES_AGGRESSIVE;
				CLANG_CXX_LANGUAGE_STANDARD = "gnu++14";
				CLANG_CXX_LIBRARY = "libc++";
				CLANG_ENABLE_MODULES = YES;
				CLANG_ENABLE_OBJC_ARC = YES;
				CLANG_WARN_BLOCK_CAPTURE_AUTORELEASING = YES;
				CLANG_WARN_BOOL_CONVERSION = YES;
				CLANG_WARN_COMMA = YES;
				CLANG_WARN_CONSTANT_CONVERSION = YES;
				CLANG_WARN_DIRECT_OBJC_ISA_USAGE = YES_ERROR;
				CLANG_WARN_DOCUMENTATION_COMMENTS = YES;
				CLANG_WARN_EMPTY_BODY = YES;
				CLANG_WARN_ENUM_CONVERSION = YES;
				CLANG_WARN_INFINITE_RECURSION = YES;
				CLANG_WARN_INT_CONVERSION = YES;
				CLANG_WARN_NON_LITERAL_NULL_CONVERSION = YES;
				CLANG_WARN_OBJC_LITERAL_CONVERSION = YES;
				CLANG_WARN_OBJC_ROOT_CLASS = YES_ERROR;
				CLANG_WARN_RANGE_LOOP_ANALYSIS = YES;
				CLANG_WARN_STRICT_PROTOTYPES = YES;
				CLANG_WARN_SUSPICIOUS_MOVE = YES;
				CLANG_WARN_UNGUARDED_AVAILABILITY = YES_AGGRESSIVE;
				CLANG_WARN_UNREACHABLE_CODE = YES;
				CLANG_WARN__DUPLICATE_METHOD_MATCH = YES;
				CODE_SIGN_IDENTITY = "iPhone Developer";
				COPY_PHASE_STRIP = NO;
				DEBUG_INFORMATION_FORMAT = dwarf;
				ENABLE_STRICT_OBJC_MSGSEND = YES;
				ENABLE_TESTABILITY = YES;
				GCC_C_LANGUAGE_STANDARD = gnu11;
				GCC_DYNAMIC_NO_PIC = NO;
				GCC_NO_COMMON_BLOCKS = YES;
				GCC_OPTIMIZATION_LEVEL = 0;
				GCC_PREPROCESSOR_DEFINITIONS = (
					"DEBUG=1",
					"$(inherited)",
				);
				GCC_WARN_64_TO_32_BIT_CONVERSION = YES;
				GCC_WARN_ABOUT_RETURN_TYPE = YES_ERROR;
				GCC_WARN_UNDECLARED_SELECTOR = YES;
				GCC_WARN_UNINITIALIZED_AUTOS = YES_AGGRESSIVE;
				GCC_WARN_UNUSED_FUNCTION = YES;
				GCC_WARN_UNUSED_VARIABLE = YES;
				IPHONEOS_DEPLOYMENT_TARGET = 11.0;
				MTL_ENABLE_DEBUG_INFO = YES;
				ONLY_ACTIVE_ARCH = YES;
				SDKROOT = iphoneos;
				SWIFT_ACTIVE_COMPILATION_CONDITIONS = DEBUG;
				SWIFT_OPTIMIZATION_LEVEL = "-Onone";
			};
			name = Debug;
		};
		4EDEC9EE218B898F00C2D2F2 /* Release */ = {
			isa = XCBuildConfiguration;
			buildSettings = {
				ALWAYS_SEARCH_USER_PATHS = NO;
				CLANG_ANALYZER_NONNULL = YES;
				CLANG_ANALYZER_NUMBER_OBJECT_CONVERSION = YES_AGGRESSIVE;
				CLANG_CXX_LANGUAGE_STANDARD = "gnu++14";
				CLANG_CXX_LIBRARY = "libc++";
				CLANG_ENABLE_MODULES = YES;
				CLANG_ENABLE_OBJC_ARC = YES;
				CLANG_WARN_BLOCK_CAPTURE_AUTORELEASING = YES;
				CLANG_WARN_BOOL_CONVERSION = YES;
				CLANG_WARN_COMMA = YES;
				CLANG_WARN_CONSTANT_CONVERSION = YES;
				CLANG_WARN_DIRECT_OBJC_ISA_USAGE = YES_ERROR;
				CLANG_WARN_DOCUMENTATION_COMMENTS = YES;
				CLANG_WARN_EMPTY_BODY = YES;
				CLANG_WARN_ENUM_CONVERSION = YES;
				CLANG_WARN_INFINITE_RECURSION = YES;
				CLANG_WARN_INT_CONVERSION = YES;
				CLANG_WARN_NON_LITERAL_NULL_CONVERSION = YES;
				CLANG_WARN_OBJC_LITERAL_CONVERSION = YES;
				CLANG_WARN_OBJC_ROOT_CLASS = YES_ERROR;
				CLANG_WARN_RANGE_LOOP_ANALYSIS = YES;
				CLANG_WARN_STRICT_PROTOTYPES = YES;
				CLANG_WARN_SUSPICIOUS_MOVE = YES;
				CLANG_WARN_UNGUARDED_AVAILABILITY = YES_AGGRESSIVE;
				CLANG_WARN_UNREACHABLE_CODE = YES;
				CLANG_WARN__DUPLICATE_METHOD_MATCH = YES;
				CODE_SIGN_IDENTITY = "iPhone Developer";
				COPY_PHASE_STRIP = NO;
				DEBUG_INFORMATION_FORMAT = "dwarf-with-dsym";
				ENABLE_NS_ASSERTIONS = NO;
				ENABLE_STRICT_OBJC_MSGSEND = YES;
				GCC_C_LANGUAGE_STANDARD = gnu11;
				GCC_NO_COMMON_BLOCKS = YES;
				GCC_WARN_64_TO_32_BIT_CONVERSION = YES;
				GCC_WARN_ABOUT_RETURN_TYPE = YES_ERROR;
				GCC_WARN_UNDECLARED_SELECTOR = YES;
				GCC_WARN_UNINITIALIZED_AUTOS = YES_AGGRESSIVE;
				GCC_WARN_UNUSED_FUNCTION = YES;
				GCC_WARN_UNUSED_VARIABLE = YES;
				IPHONEOS_DEPLOYMENT_TARGET = 11.0;
				MTL_ENABLE_DEBUG_INFO = NO;
				SDKROOT = iphoneos;
				SWIFT_OPTIMIZATION_LEVEL = "-Owholemodule";
				VALIDATE_PRODUCT = YES;
			};
			name = Release;
		};
		4EDEC9F0218B898F00C2D2F2 /* Debug */ = {
			isa = XCBuildConfiguration;
			buildSettings = {
				ASSETCATALOG_COMPILER_APPICON_NAME = AppIcon;
				CODE_SIGN_STYLE = Automatic;
				INFOPLIST_FILE = HopeLine.iOS/Info.plist;
				LD_RUNPATH_SEARCH_PATHS = "$(inherited) @executable_path/Frameworks";
				OTHER_LDFLAGS = "-lz";
				PRODUCT_BUNDLE_IDENTIFIER = "-6607.HopeLine-iOS";
				PRODUCT_NAME = "$(TARGET_NAME)";
				SWIFT_VERSION = 4.0;
				TARGETED_DEVICE_FAMILY = "1,2";
			};
			name = Debug;
		};
		4EDEC9F1218B898F00C2D2F2 /* Release */ = {
			isa = XCBuildConfiguration;
			buildSettings = {
				ASSETCATALOG_COMPILER_APPICON_NAME = AppIcon;
				CODE_SIGN_STYLE = Automatic;
				INFOPLIST_FILE = HopeLine.iOS/Info.plist;
				LD_RUNPATH_SEARCH_PATHS = "$(inherited) @executable_path/Frameworks";
				OTHER_LDFLAGS = "-lz";
				PRODUCT_BUNDLE_IDENTIFIER = "-6607.HopeLine-iOS";
				PRODUCT_NAME = "$(TARGET_NAME)";
				SWIFT_VERSION = 4.0;
				TARGETED_DEVICE_FAMILY = "1,2";
			};
			name = Release;
		};
/* End XCBuildConfiguration section */

/* Begin XCConfigurationList section */
		4EDEC9D5218B898F00C2D2F2 /* Build configuration list for PBXProject "HopeLine.iOS" */ = {
			isa = XCConfigurationList;
			buildConfigurations = (
				4EDEC9ED218B898F00C2D2F2 /* Debug */,
				4EDEC9EE218B898F00C2D2F2 /* Release */,
			);
			defaultConfigurationIsVisible = 0;
			defaultConfigurationName = Release;
		};
		4EDEC9EF218B898F00C2D2F2 /* Build configuration list for PBXNativeTarget "HopeLine.iOS" */ = {
			isa = XCConfigurationList;
			buildConfigurations = (
				4EDEC9F0218B898F00C2D2F2 /* Debug */,
				4EDEC9F1218B898F00C2D2F2 /* Release */,
			);
			defaultConfigurationIsVisible = 0;
			defaultConfigurationName = Release;
		};
/* End XCConfigurationList section */

/* Begin XCVersionGroup section */
		4EDEC9E4218B898F00C2D2F2 /* HopeLine_iOS.xcdatamodeld */ = {
			isa = XCVersionGroup;
			children = (
				4EDEC9E5218B898F00C2D2F2 /* HopeLine_iOS.xcdatamodel */,
			);
			currentVersion = 4EDEC9E5218B898F00C2D2F2 /* HopeLine_iOS.xcdatamodel */;
			path = HopeLine_iOS.xcdatamodeld;
			sourceTree = "<group>";
			versionGroupType = wrapper.xcdatamodel;
		};
/* End XCVersionGroup section */
	};
	rootObject = 4EDEC9D2218B898F00C2D2F2 /* Project object */;
}
