// !$*UTF8*$!
{
	archiveVersion = 1;
	classes = {
	};
	objectVersion = 48;
	objects = {

/* Begin PBXBuildFile section */
		4E4B115B218CF26E00867B3F /* PrimaryText.swift in Sources */ = {isa = PBXBuildFile; fileRef = 4E4B115A218CF26E00867B3F /* PrimaryText.swift */; };
		4E4B115D218D079F00867B3F /* Topics.swift in Sources */ = {isa = PBXBuildFile; fileRef = 4E4B115C218D079F00867B3F /* Topics.swift */; };
		4EB63D96218CEFB7003E6033 /* PrimaryButton.swift in Sources */ = {isa = PBXBuildFile; fileRef = 4EB63D95218CEFB7003E6033 /* PrimaryButton.swift */; };
		4ECD5F48218B91D300F7F75D /* HomeCell.swift in Sources */ = {isa = PBXBuildFile; fileRef = 4ECD5F47218B91D300F7F75D /* HomeCell.swift */; };
		4ECD5F4A218B924300F7F75D /* HomeCollectionView.swift in Sources */ = {isa = PBXBuildFile; fileRef = 4ECD5F49218B924300F7F75D /* HomeCollectionView.swift */; };
		4ECD5F4C218B940600F7F75D /* TemplateCollectionViewController.swift in Sources */ = {isa = PBXBuildFile; fileRef = 4ECD5F4B218B940600F7F75D /* TemplateCollectionViewController.swift */; };
		4ECD5F4E218B9EE000F7F75D /* ChatController.swift in Sources */ = {isa = PBXBuildFile; fileRef = 4ECD5F4D218B9EE000F7F75D /* ChatController.swift */; };
		4ECD5F50218B9F3A00F7F75D /* TalkToMentorController.swift in Sources */ = {isa = PBXBuildFile; fileRef = 4ECD5F4F218B9F3A00F7F75D /* TalkToMentorController.swift */; };
		4ECD5F52218B9F6400F7F75D /* CallController.swift in Sources */ = {isa = PBXBuildFile; fileRef = 4ECD5F51218B9F6400F7F75D /* CallController.swift */; };
		4EDEC9DE218B898F00C2D2F2 /* AppDelegate.swift in Sources */ = {isa = PBXBuildFile; fileRef = 4EDEC9DD218B898F00C2D2F2 /* AppDelegate.swift */; };
		4EDEC9E3218B898F00C2D2F2 /* Main.storyboard in Resources */ = {isa = PBXBuildFile; fileRef = 4EDEC9E1218B898F00C2D2F2 /* Main.storyboard */; };
		4EDEC9E6218B898F00C2D2F2 /* HopeLine_iOS.xcdatamodeld in Sources */ = {isa = PBXBuildFile; fileRef = 4EDEC9E4218B898F00C2D2F2 /* HopeLine_iOS.xcdatamodeld */; };
		4EDEC9E8218B898F00C2D2F2 /* Assets.xcassets in Resources */ = {isa = PBXBuildFile; fileRef = 4EDEC9E7218B898F00C2D2F2 /* Assets.xcassets */; };
		4EDEC9EB218B898F00C2D2F2 /* LaunchScreen.storyboard in Resources */ = {isa = PBXBuildFile; fileRef = 4EDEC9E9218B898F00C2D2F2 /* LaunchScreen.storyboard */; };
		4EDEC9F8218B8ABD00C2D2F2 /* MainController.swift in Sources */ = {isa = PBXBuildFile; fileRef = 4EDEC9F7218B8ABD00C2D2F2 /* MainController.swift */; };
		4EDEC9FA218B8DB200C2D2F2 /* AuthenticateController.swift in Sources */ = {isa = PBXBuildFile; fileRef = 4EDEC9F9218B8DB200C2D2F2 /* AuthenticateController.swift */; };
		4EDEC9FC218B8F2400C2D2F2 /* HomeController.swift in Sources */ = {isa = PBXBuildFile; fileRef = 4EDEC9FB218B8F2400C2D2F2 /* HomeController.swift */; };
		4EDEC9FE218B8F8000C2D2F2 /* MapController.swift in Sources */ = {isa = PBXBuildFile; fileRef = 4EDEC9FD218B8F8000C2D2F2 /* MapController.swift */; };
/* End PBXBuildFile section */

/* Begin PBXFileReference section */
		4E4B115A218CF26E00867B3F /* PrimaryText.swift */ = {isa = PBXFileReference; lastKnownFileType = sourcecode.swift; path = PrimaryText.swift; sourceTree = "<group>"; };
		4E4B115C218D079F00867B3F /* Topics.swift */ = {isa = PBXFileReference; lastKnownFileType = sourcecode.swift; name = Topics.swift; path = HopeLine.iOS/ViewModels/Topics.swift; sourceTree = SOURCE_ROOT; };
		4EB63D95218CEFB7003E6033 /* PrimaryButton.swift */ = {isa = PBXFileReference; lastKnownFileType = sourcecode.swift; path = PrimaryButton.swift; sourceTree = "<group>"; };
		4ECD5F47218B91D300F7F75D /* HomeCell.swift */ = {isa = PBXFileReference; lastKnownFileType = sourcecode.swift; path = HomeCell.swift; sourceTree = "<group>"; };
		4ECD5F49218B924300F7F75D /* HomeCollectionView.swift */ = {isa = PBXFileReference; lastKnownFileType = sourcecode.swift; path = HomeCollectionView.swift; sourceTree = "<group>"; };
		4ECD5F4B218B940600F7F75D /* TemplateCollectionViewController.swift */ = {isa = PBXFileReference; lastKnownFileType = sourcecode.swift; path = TemplateCollectionViewController.swift; sourceTree = "<group>"; };
		4ECD5F4D218B9EE000F7F75D /* ChatController.swift */ = {isa = PBXFileReference; lastKnownFileType = sourcecode.swift; path = ChatController.swift; sourceTree = "<group>"; };
		4ECD5F4F218B9F3A00F7F75D /* TalkToMentorController.swift */ = {isa = PBXFileReference; lastKnownFileType = sourcecode.swift; path = TalkToMentorController.swift; sourceTree = "<group>"; };
		4ECD5F51218B9F6400F7F75D /* CallController.swift */ = {isa = PBXFileReference; lastKnownFileType = sourcecode.swift; path = CallController.swift; sourceTree = "<group>"; };
		4EDEC9DA218B898F00C2D2F2 /* HopeLine.iOS.app */ = {isa = PBXFileReference; explicitFileType = wrapper.application; includeInIndex = 0; path = HopeLine.iOS.app; sourceTree = BUILT_PRODUCTS_DIR; };
		4EDEC9DD218B898F00C2D2F2 /* AppDelegate.swift */ = {isa = PBXFileReference; lastKnownFileType = sourcecode.swift; path = AppDelegate.swift; sourceTree = "<group>"; };
		4EDEC9E2218B898F00C2D2F2 /* Base */ = {isa = PBXFileReference; lastKnownFileType = file.storyboard; name = Base; path = Base.lproj/Main.storyboard; sourceTree = "<group>"; };
		4EDEC9E5218B898F00C2D2F2 /* HopeLine_iOS.xcdatamodel */ = {isa = PBXFileReference; lastKnownFileType = wrapper.xcdatamodel; path = HopeLine_iOS.xcdatamodel; sourceTree = "<group>"; };
		4EDEC9E7218B898F00C2D2F2 /* Assets.xcassets */ = {isa = PBXFileReference; lastKnownFileType = folder.assetcatalog; path = Assets.xcassets; sourceTree = "<group>"; };
		4EDEC9EA218B898F00C2D2F2 /* Base */ = {isa = PBXFileReference; lastKnownFileType = file.storyboard; name = Base; path = Base.lproj/LaunchScreen.storyboard; sourceTree = "<group>"; };
		4EDEC9EC218B898F00C2D2F2 /* Info.plist */ = {isa = PBXFileReference; lastKnownFileType = text.plist.xml; path = Info.plist; sourceTree = "<group>"; };
		4EDEC9F7218B8ABD00C2D2F2 /* MainController.swift */ = {isa = PBXFileReference; lastKnownFileType = sourcecode.swift; path = MainController.swift; sourceTree = "<group>"; };
		4EDEC9F9218B8DB200C2D2F2 /* AuthenticateController.swift */ = {isa = PBXFileReference; lastKnownFileType = sourcecode.swift; path = AuthenticateController.swift; sourceTree = "<group>"; };
		4EDEC9FB218B8F2400C2D2F2 /* HomeController.swift */ = {isa = PBXFileReference; lastKnownFileType = sourcecode.swift; path = HomeController.swift; sourceTree = "<group>"; };
		4EDEC9FD218B8F8000C2D2F2 /* MapController.swift */ = {isa = PBXFileReference; lastKnownFileType = sourcecode.swift; path = MapController.swift; sourceTree = "<group>"; };
/* End PBXFileReference section */

/* Begin PBXFrameworksBuildPhase section */
		4EDEC9D7218B898F00C2D2F2 /* Frameworks */ = {
			isa = PBXFrameworksBuildPhase;
			buildActionMask = 2147483647;
			files = (
			);
			runOnlyForDeploymentPostprocessing = 0;
		};
/* End PBXFrameworksBuildPhase section */

/* Begin PBXGroup section */
		4EDEC9D1218B898F00C2D2F2 = {
			isa = PBXGroup;
			children = (
				4EDEC9DC218B898F00C2D2F2 /* HopeLine.iOS */,
				4EDEC9DB218B898F00C2D2F2 /* Products */,
			);
			sourceTree = "<group>";
		};
		4EDEC9DB218B898F00C2D2F2 /* Products */ = {
			isa = PBXGroup;
			children = (
				4EDEC9DA218B898F00C2D2F2 /* HopeLine.iOS.app */,
			);
			name = Products;
			sourceTree = "<group>";
		};
		4EDEC9DC218B898F00C2D2F2 /* HopeLine.iOS */ = {
			isa = PBXGroup;
			children = (
				4EDEC9E1218B898F00C2D2F2 /* Main.storyboard */,
				4EDEC9F6218B8A8500C2D2F2 /* Main */,
				4EDEC9F5218B8A7E00C2D2F2 /* Models */,
				4EDEC9F4218B8A7200C2D2F2 /* ViewModels */,
				4EDEC9F3218B8A5D00C2D2F2 /* Controllers */,
				4EDEC9E7218B898F00C2D2F2 /* Assets.xcassets */,
				4EDEC9E9218B898F00C2D2F2 /* LaunchScreen.storyboard */,
				4EDEC9EC218B898F00C2D2F2 /* Info.plist */,
				4EDEC9E4218B898F00C2D2F2 /* HopeLine_iOS.xcdatamodeld */,
			);
			path = HopeLine.iOS;
			sourceTree = "<group>";
		};
		4EDEC9F3218B8A5D00C2D2F2 /* Controllers */ = {
			isa = PBXGroup;
			children = (
				4EDEC9F7218B8ABD00C2D2F2 /* MainController.swift */,
				4EDEC9F9218B8DB200C2D2F2 /* AuthenticateController.swift */,
				4EDEC9FB218B8F2400C2D2F2 /* HomeController.swift */,
				4EDEC9FD218B8F8000C2D2F2 /* MapController.swift */,
				4ECD5F4B218B940600F7F75D /* TemplateCollectionViewController.swift */,
				4ECD5F4D218B9EE000F7F75D /* ChatController.swift */,
				4ECD5F4F218B9F3A00F7F75D /* TalkToMentorController.swift */,
				4ECD5F51218B9F6400F7F75D /* CallController.swift */,
			);
			path = Controllers;
			sourceTree = "<group>";
		};
		4EDEC9F4218B8A7200C2D2F2 /* ViewModels */ = {
			isa = PBXGroup;
			children = (
				4ECD5F47218B91D300F7F75D /* HomeCell.swift */,
				4ECD5F49218B924300F7F75D /* HomeCollectionView.swift */,
				4EB63D95218CEFB7003E6033 /* PrimaryButton.swift */,
				4E4B115A218CF26E00867B3F /* PrimaryText.swift */,
			);
			path = ViewModels;
			sourceTree = "<group>";
		};
		4EDEC9F5218B8A7E00C2D2F2 /* Models */ = {
			isa = PBXGroup;
			children = (
				4E4B115C218D079F00867B3F /* Topics.swift */,
			);
			path = Models;
			sourceTree = "<group>";
		};
		4EDEC9F6218B8A8500C2D2F2 /* Main */ = {
			isa = PBXGroup;
			children = (
				4EDEC9DD218B898F00C2D2F2 /* AppDelegate.swift */,
			);
			path = Main;
			sourceTree = "<group>";
		};
/* End PBXGroup section */

/* Begin PBXNativeTarget section */
		4EDEC9D9218B898F00C2D2F2 /* HopeLine.iOS */ = {
			isa = PBXNativeTarget;
			buildConfigurationList = 4EDEC9EF218B898F00C2D2F2 /* Build configuration list for PBXNativeTarget "HopeLine.iOS" */;
			buildPhases = (
				4EDEC9D6218B898F00C2D2F2 /* Sources */,
				4EDEC9D7218B898F00C2D2F2 /* Frameworks */,
				4EDEC9D8218B898F00C2D2F2 /* Resources */,
			);
			buildRules = (
			);
			dependencies = (
			);
			name = HopeLine.iOS;
			productName = HopeLine.iOS;
			productReference = 4EDEC9DA218B898F00C2D2F2 /* HopeLine.iOS.app */;
			productType = "com.apple.product-type.application";
		};
/* End PBXNativeTarget section */

/* Begin PBXProject section */
		4EDEC9D2218B898F00C2D2F2 /* Project object */ = {
			isa = PBXProject;
			attributes = {
				LastSwiftUpdateCheck = 0900;
				LastUpgradeCheck = 0900;
				ORGANIZATIONNAME = prj;
				TargetAttributes = {
					4EDEC9D9218B898F00C2D2F2 = {
						CreatedOnToolsVersion = 9.0;
						ProvisioningStyle = Automatic;
					};
				};
			};
			buildConfigurationList = 4EDEC9D5218B898F00C2D2F2 /* Build configuration list for PBXProject "HopeLine.iOS" */;
			compatibilityVersion = "Xcode 8.0";
			developmentRegion = en;
			hasScannedForEncodings = 0;
			knownRegions = (
				en,
				Base,
			);
			mainGroup = 4EDEC9D1218B898F00C2D2F2;
			productRefGroup = 4EDEC9DB218B898F00C2D2F2 /* Products */;
			projectDirPath = "";
			projectRoot = "";
			targets = (
				4EDEC9D9218B898F00C2D2F2 /* HopeLine.iOS */,
			);
		};
/* End PBXProject section */

/* Begin PBXResourcesBuildPhase section */
		4EDEC9D8218B898F00C2D2F2 /* Resources */ = {
			isa = PBXResourcesBuildPhase;
			buildActionMask = 2147483647;
			files = (
				4EDEC9EB218B898F00C2D2F2 /* LaunchScreen.storyboard in Resources */,
				4EDEC9E8218B898F00C2D2F2 /* Assets.xcassets in Resources */,
				4EDEC9E3218B898F00C2D2F2 /* Main.storyboard in Resources */,
			);
			runOnlyForDeploymentPostprocessing = 0;
		};
/* End PBXResourcesBuildPhase section */

/* Begin PBXSourcesBuildPhase section */
		4EDEC9D6218B898F00C2D2F2 /* Sources */ = {
			isa = PBXSourcesBuildPhase;
			buildActionMask = 2147483647;
			files = (
				4EDEC9E6218B898F00C2D2F2 /* HopeLine_iOS.xcdatamodeld in Sources */,
				4ECD5F48218B91D300F7F75D /* HomeCell.swift in Sources */,
				4ECD5F4C218B940600F7F75D /* TemplateCollectionViewController.swift in Sources */,
				4ECD5F52218B9F6400F7F75D /* CallController.swift in Sources */,
				4ECD5F4E218B9EE000F7F75D /* ChatController.swift in Sources */,
				4E4B115B218CF26E00867B3F /* PrimaryText.swift in Sources */,
				4EB63D96218CEFB7003E6033 /* PrimaryButton.swift in Sources */,
				4EDEC9F8218B8ABD00C2D2F2 /* MainController.swift in Sources */,
				4ECD5F4A218B924300F7F75D /* HomeCollectionView.swift in Sources */,
				4EDEC9FA218B8DB200C2D2F2 /* AuthenticateController.swift in Sources */,
				4EDEC9DE218B898F00C2D2F2 /* AppDelegate.swift in Sources */,
				4ECD5F50218B9F3A00F7F75D /* TalkToMentorController.swift in Sources */,
				4E4B115D218D079F00867B3F /* Topics.swift in Sources */,
				4EDEC9FE218B8F8000C2D2F2 /* MapController.swift in Sources */,
				4EDEC9FC218B8F2400C2D2F2 /* HomeController.swift in Sources */,
			);
			runOnlyForDeploymentPostprocessing = 0;
		};
/* End PBXSourcesBuildPhase section */

/* Begin PBXVariantGroup section */
		4EDEC9E1218B898F00C2D2F2 /* Main.storyboard */ = {
			isa = PBXVariantGroup;
			children = (
				4EDEC9E2218B898F00C2D2F2 /* Base */,
			);
			name = Main.storyboard;
			sourceTree = "<group>";
		};
		4EDEC9E9218B898F00C2D2F2 /* LaunchScreen.storyboard */ = {
			isa = PBXVariantGroup;
			children = (
				4EDEC9EA218B898F00C2D2F2 /* Base */,
			);
			name = LaunchScreen.storyboard;
			sourceTree = "<group>";
		};
/* End PBXVariantGroup section */

/* Begin XCBuildConfiguration section */
		4EDEC9ED218B898F00C2D2F2 /* Debug */ = {
			isa = XCBuildConfiguration;
			buildSettings = {
				ALWAYS_SEARCH_USER_PATHS = NO;
				CLANG_ANALYZER_NONNULL = YES;
				CLANG_ANALYZER_NUMBER_OBJECT_CONVERSION = YES_AGGRESSIVE;
				CLANG_CXX_LANGUAGE_STANDARD = "gnu++14";
				CLANG_CXX_LIBRARY = "libc++";
				CLANG_ENABLE_MODULES = YES;
				CLANG_ENABLE_OBJC_ARC = YES;
				CLANG_WARN_BLOCK_CAPTURE_AUTORELEASING = YES;
				CLANG_WARN_BOOL_CONVERSION = YES;
				CLANG_WARN_COMMA = YES;
				CLANG_WARN_CONSTANT_CONVERSION = YES;
				CLANG_WARN_DIRECT_OBJC_ISA_USAGE = YES_ERROR;
				CLANG_WARN_DOCUMENTATION_COMMENTS = YES;
				CLANG_WARN_EMPTY_BODY = YES;
				CLANG_WARN_ENUM_CONVERSION = YES;
				CLANG_WARN_INFINITE_RECURSION = YES;
				CLANG_WARN_INT_CONVERSION = YES;
				CLANG_WARN_NON_LITERAL_NULL_CONVERSION = YES;
				CLANG_WARN_OBJC_LITERAL_CONVERSION = YES;
				CLANG_WARN_OBJC_ROOT_CLASS = YES_ERROR;
				CLANG_WARN_RANGE_LOOP_ANALYSIS = YES;
				CLANG_WARN_STRICT_PROTOTYPES = YES;
				CLANG_WARN_SUSPICIOUS_MOVE = YES;
				CLANG_WARN_UNGUARDED_AVAILABILITY = YES_AGGRESSIVE;
				CLANG_WARN_UNREACHABLE_CODE = YES;
				CLANG_WARN__DUPLICATE_METHOD_MATCH = YES;
				CODE_SIGN_IDENTITY = "iPhone Developer";
				COPY_PHASE_STRIP = NO;
				DEBUG_INFORMATION_FORMAT = dwarf;
				ENABLE_STRICT_OBJC_MSGSEND = YES;
				ENABLE_TESTABILITY = YES;
				GCC_C_LANGUAGE_STANDARD = gnu11;
				GCC_DYNAMIC_NO_PIC = NO;
				GCC_NO_COMMON_BLOCKS = YES;
				GCC_OPTIMIZATION_LEVEL = 0;
				GCC_PREPROCESSOR_DEFINITIONS = (
					"DEBUG=1",
					"$(inherited)",
				);
				GCC_WARN_64_TO_32_BIT_CONVERSION = YES;
				GCC_WARN_ABOUT_RETURN_TYPE = YES_ERROR;
				GCC_WARN_UNDECLARED_SELECTOR = YES;
				GCC_WARN_UNINITIALIZED_AUTOS = YES_AGGRESSIVE;
				GCC_WARN_UNUSED_FUNCTION = YES;
				GCC_WARN_UNUSED_VARIABLE = YES;
				IPHONEOS_DEPLOYMENT_TARGET = 11.0;
				MTL_ENABLE_DEBUG_INFO = YES;
				ONLY_ACTIVE_ARCH = YES;
				SDKROOT = iphoneos;
				SWIFT_ACTIVE_COMPILATION_CONDITIONS = DEBUG;
				SWIFT_OPTIMIZATION_LEVEL = "-Onone";
			};
			name = Debug;
		};
		4EDEC9EE218B898F00C2D2F2 /* Release */ = {
			isa = XCBuildConfiguration;
			buildSettings = {
				ALWAYS_SEARCH_USER_PATHS = NO;
				CLANG_ANALYZER_NONNULL = YES;
				CLANG_ANALYZER_NUMBER_OBJECT_CONVERSION = YES_AGGRESSIVE;
				CLANG_CXX_LANGUAGE_STANDARD = "gnu++14";
				CLANG_CXX_LIBRARY = "libc++";
				CLANG_ENABLE_MODULES = YES;
				CLANG_ENABLE_OBJC_ARC = YES;
				CLANG_WARN_BLOCK_CAPTURE_AUTORELEASING = YES;
				CLANG_WARN_BOOL_CONVERSION = YES;
				CLANG_WARN_COMMA = YES;
				CLANG_WARN_CONSTANT_CONVERSION = YES;
				CLANG_WARN_DIRECT_OBJC_ISA_USAGE = YES_ERROR;
				CLANG_WARN_DOCUMENTATION_COMMENTS = YES;
				CLANG_WARN_EMPTY_BODY = YES;
				CLANG_WARN_ENUM_CONVERSION = YES;
				CLANG_WARN_INFINITE_RECURSION = YES;
				CLANG_WARN_INT_CONVERSION = YES;
				CLANG_WARN_NON_LITERAL_NULL_CONVERSION = YES;
				CLANG_WARN_OBJC_LITERAL_CONVERSION = YES;
				CLANG_WARN_OBJC_ROOT_CLASS = YES_ERROR;
				CLANG_WARN_RANGE_LOOP_ANALYSIS = YES;
				CLANG_WARN_STRICT_PROTOTYPES = YES;
				CLANG_WARN_SUSPICIOUS_MOVE = YES;
				CLANG_WARN_UNGUARDED_AVAILABILITY = YES_AGGRESSIVE;
				CLANG_WARN_UNREACHABLE_CODE = YES;
				CLANG_WARN__DUPLICATE_METHOD_MATCH = YES;
				CODE_SIGN_IDENTITY = "iPhone Developer";
				COPY_PHASE_STRIP = NO;
				DEBUG_INFORMATION_FORMAT = "dwarf-with-dsym";
				ENABLE_NS_ASSERTIONS = NO;
				ENABLE_STRICT_OBJC_MSGSEND = YES;
				GCC_C_LANGUAGE_STANDARD = gnu11;
				GCC_NO_COMMON_BLOCKS = YES;
				GCC_WARN_64_TO_32_BIT_CONVERSION = YES;
				GCC_WARN_ABOUT_RETURN_TYPE = YES_ERROR;
				GCC_WARN_UNDECLARED_SELECTOR = YES;
				GCC_WARN_UNINITIALIZED_AUTOS = YES_AGGRESSIVE;
				GCC_WARN_UNUSED_FUNCTION = YES;
				GCC_WARN_UNUSED_VARIABLE = YES;
				IPHONEOS_DEPLOYMENT_TARGET = 11.0;
				MTL_ENABLE_DEBUG_INFO = NO;
				SDKROOT = iphoneos;
				SWIFT_OPTIMIZATION_LEVEL = "-Owholemodule";
				VALIDATE_PRODUCT = YES;
			};
			name = Release;
		};
		4EDEC9F0218B898F00C2D2F2 /* Debug */ = {
			isa = XCBuildConfiguration;
			buildSettings = {
				ASSETCATALOG_COMPILER_APPICON_NAME = AppIcon;
				CODE_SIGN_STYLE = Automatic;
				INFOPLIST_FILE = HopeLine.iOS/Info.plist;
				LD_RUNPATH_SEARCH_PATHS = "$(inherited) @executable_path/Frameworks";
				PRODUCT_BUNDLE_IDENTIFIER = "-6607.HopeLine-iOS";
				PRODUCT_NAME = "$(TARGET_NAME)";
				SWIFT_VERSION = 4.0;
				TARGETED_DEVICE_FAMILY = "1,2";
			};
			name = Debug;
		};
		4EDEC9F1218B898F00C2D2F2 /* Release */ = {
			isa = XCBuildConfiguration;
			buildSettings = {
				ASSETCATALOG_COMPILER_APPICON_NAME = AppIcon;
				CODE_SIGN_STYLE = Automatic;
				INFOPLIST_FILE = HopeLine.iOS/Info.plist;
				LD_RUNPATH_SEARCH_PATHS = "$(inherited) @executable_path/Frameworks";
				PRODUCT_BUNDLE_IDENTIFIER = "-6607.HopeLine-iOS";
				PRODUCT_NAME = "$(TARGET_NAME)";
				SWIFT_VERSION = 4.0;
				TARGETED_DEVICE_FAMILY = "1,2";
			};
			name = Release;
		};
/* End XCBuildConfiguration section */

/* Begin XCConfigurationList section */
		4EDEC9D5218B898F00C2D2F2 /* Build configuration list for PBXProject "HopeLine.iOS" */ = {
			isa = XCConfigurationList;
			buildConfigurations = (
				4EDEC9ED218B898F00C2D2F2 /* Debug */,
				4EDEC9EE218B898F00C2D2F2 /* Release */,
			);
			defaultConfigurationIsVisible = 0;
			defaultConfigurationName = Release;
		};
		4EDEC9EF218B898F00C2D2F2 /* Build configuration list for PBXNativeTarget "HopeLine.iOS" */ = {
			isa = XCConfigurationList;
			buildConfigurations = (
				4EDEC9F0218B898F00C2D2F2 /* Debug */,
				4EDEC9F1218B898F00C2D2F2 /* Release */,
			);
			defaultConfigurationIsVisible = 0;
			defaultConfigurationName = Release;
		};
/* End XCConfigurationList section */

/* Begin XCVersionGroup section */
		4EDEC9E4218B898F00C2D2F2 /* HopeLine_iOS.xcdatamodeld */ = {
			isa = XCVersionGroup;
			children = (
				4EDEC9E5218B898F00C2D2F2 /* HopeLine_iOS.xcdatamodel */,
			);
			currentVersion = 4EDEC9E5218B898F00C2D2F2 /* HopeLine_iOS.xcdatamodel */;
			path = HopeLine_iOS.xcdatamodeld;
			sourceTree = "<group>";
			versionGroupType = wrapper.xcdatamodel;
		};
/* End XCVersionGroup section */
	};
	rootObject = 4EDEC9D2218B898F00C2D2F2 /* Project object */;
}
